
Microsoft Visual Studio Solution File, Format Version 12.00
# Visual Studio Version 17
VisualStudioVersion = 17.0.32112.339
MinimumVisualStudioVersion = 10.0.40219.1
Project("{FAE04EC0-301F-11D3-BF4B-00C04F79EFBC}") = "LoanCalculatorMVC", "LoanCalculatorMVC\LoanCalculatorMVC.csproj", "{BAE40165-DD31-4ECD-A18D-A0EE475E483A}"
EndProject
Global
	GlobalSection(SolutionConfigurationPlatforms) = preSolution
		Debug|Any CPU = Debug|Any CPU
		Release|Any CPU = Release|Any CPU
	EndGlobalSection
	GlobalSection(ProjectConfigurationPlatforms) = postSolution
		{BAE40165-DD31-4ECD-A18D-A0EE475E483A}.Debug|Any CPU.ActiveCfg = Debug|Any CPU
		{BAE40165-DD31-4ECD-A18D-A0EE475E483A}.Debug|Any CPU.Build.0 = Debug|Any CPU
		{BAE40165-DD31-4ECD-A18D-A0EE475E483A}.Release|Any CPU.ActiveCfg = Release|Any CPU
		{BAE40165-DD31-4ECD-A18D-A0EE475E483A}.Release|Any CPU.Build.0 = Release|Any CPU
	EndGlobalSection
	GlobalSection(SolutionProperties) = preSolution
		HideSolutionNode = FALSE
	EndGlobalSection
	GlobalSection(ExtensibilityGlobals) = postSolution
		SolutionGuid = {26DF4430-883B-42C2-9D7D-458EE467A19F}
	EndGlobalSection
EndGlobal
